// !$*UTF8*$!
{
	archiveVersion = 1;
	classes = {
	};
	objectVersion = 46;
	objects = {

/* Begin PBXBuildFile section */
		481BDEA61A7FCA860099C0FB /* MainMenu.xib in Resources */ = {isa = PBXBuildFile; fileRef = 481BDEA31A7FC9320099C0FB /* MainMenu.xib */; };
		481BDEAE1A7FD25A0099C0FB /* Sparkle.framework in Frameworks */ = {isa = PBXBuildFile; fileRef = 481BDE9B1A7FC8A50099C0FB /* Sparkle.framework */; };
		481BDEBA1A7FD5F90099C0FB /* Sparkle.framework in Embed Frameworks */ = {isa = PBXBuildFile; fileRef = 481BDE9B1A7FC8A50099C0FB /* Sparkle.framework */; settings = {ATTRIBUTES = (CodeSignOnCopy, RemoveHeadersOnCopy, ); }; };
		48CBD1461ACD426600CF5DCE /* About.swift in Sources */ = {isa = PBXBuildFile; fileRef = 48CBD1411ACD426600CF5DCE /* About.swift */; };
		48CBD1471ACD426600CF5DCE /* About.xib in Resources */ = {isa = PBXBuildFile; fileRef = 48CBD1421ACD426600CF5DCE /* About.xib */; };
		48CBD1481ACD426600CF5DCE /* NSPreferencePanelWindowController.swift in Sources */ = {isa = PBXBuildFile; fileRef = 48CBD1441ACD426600CF5DCE /* NSPreferencePanelWindowController.swift */; };
		48CBD1491ACD426600CF5DCE /* NSPreferencePanelWindowController.xib in Resources */ = {isa = PBXBuildFile; fileRef = 48CBD1451ACD426600CF5DCE /* NSPreferencePanelWindowController.xib */; };
		48CBD1501ACD42B200CF5DCE /* PALoginItemUtility.m in Sources */ = {isa = PBXBuildFile; fileRef = 48CBD14C1ACD42B200CF5DCE /* PALoginItemUtility.m */; };
		48CBD1511ACD42B200CF5DCE /* PAThemeUtility.m in Sources */ = {isa = PBXBuildFile; fileRef = 48CBD14F1ACD42B200CF5DCE /* PAThemeUtility.m */; };
		52C6F7111D53AFD00011B144 /* Fabric.framework in Frameworks */ = {isa = PBXBuildFile; fileRef = 52C6F70F1D53AFD00011B144 /* Fabric.framework */; };
		52C6F7121D53AFD00011B144 /* Crashlytics.framework in Frameworks */ = {isa = PBXBuildFile; fileRef = 52C6F7101D53AFD00011B144 /* Crashlytics.framework */; };
		FE9EE94160D7254530FC9E6F /* AppDelegate.swift in Sources */ = {isa = PBXBuildFile; fileRef = FE9EECB892DE36E0C7B77545 /* AppDelegate.swift */; };
		FE9EEE42118665D56C6F3834 /* Images.xcassets in Resources */ = {isa = PBXBuildFile; fileRef = FE9EEAA943AF0BB28B13DD04 /* Images.xcassets */; };
/* End PBXBuildFile section */

/* Begin PBXCopyFilesBuildPhase section */
		481BDEB81A7FD5E70099C0FB /* Embed Frameworks */ = {
			isa = PBXCopyFilesBuildPhase;
			buildActionMask = 2147483647;
			dstPath = "";
			dstSubfolderSpec = 10;
			files = (
				481BDEBA1A7FD5F90099C0FB /* Sparkle.framework in Embed Frameworks */,
			);
			name = "Embed Frameworks";
			runOnlyForDeploymentPostprocessing = 0;
		};
/* End PBXCopyFilesBuildPhase section */

/* Begin PBXFileReference section */
		481BDE9B1A7FC8A50099C0FB /* Sparkle.framework */ = {isa = PBXFileReference; lastKnownFileType = wrapper.framework; name = Sparkle.framework; path = Panda/Sparkle.framework; sourceTree = SOURCE_ROOT; };
		481BDE9D1A7FC9170099C0FB /* Info.plist */ = {isa = PBXFileReference; fileEncoding = 4; lastKnownFileType = text.plist.xml; name = Info.plist; path = Panda/Application/Info.plist; sourceTree = SOURCE_ROOT; };
		481BDEA41A7FC9320099C0FB /* Base */ = {isa = PBXFileReference; lastKnownFileType = file.xib; name = Base; path = Base.lproj/MainMenu.xib; sourceTree = "<group>"; };
		48C7CEDA19F98EE8006B8EC0 /* Panda.app */ = {isa = PBXFileReference; explicitFileType = wrapper.application; includeInIndex = 0; path = Panda.app; sourceTree = BUILT_PRODUCTS_DIR; };
		48CBD1411ACD426600CF5DCE /* About.swift */ = {isa = PBXFileReference; fileEncoding = 4; lastKnownFileType = sourcecode.swift; path = About.swift; sourceTree = "<group>"; };
		48CBD1421ACD426600CF5DCE /* About.xib */ = {isa = PBXFileReference; fileEncoding = 4; lastKnownFileType = file.xib; path = About.xib; sourceTree = "<group>"; };
		48CBD1441ACD426600CF5DCE /* NSPreferencePanelWindowController.swift */ = {isa = PBXFileReference; fileEncoding = 4; lastKnownFileType = sourcecode.swift; path = NSPreferencePanelWindowController.swift; sourceTree = "<group>"; };
		48CBD1451ACD426600CF5DCE /* NSPreferencePanelWindowController.xib */ = {isa = PBXFileReference; fileEncoding = 4; lastKnownFileType = file.xib; path = NSPreferencePanelWindowController.xib; sourceTree = "<group>"; };
		48CBD14B1ACD42B200CF5DCE /* PALoginItemUtility.h */ = {isa = PBXFileReference; fileEncoding = 4; lastKnownFileType = sourcecode.c.h; path = PALoginItemUtility.h; sourceTree = "<group>"; };
		48CBD14C1ACD42B200CF5DCE /* PALoginItemUtility.m */ = {isa = PBXFileReference; fileEncoding = 4; lastKnownFileType = sourcecode.c.objc; path = PALoginItemUtility.m; sourceTree = "<group>"; };
		48CBD14E1ACD42B200CF5DCE /* PAThemeUtility.h */ = {isa = PBXFileReference; fileEncoding = 4; lastKnownFileType = sourcecode.c.h; path = PAThemeUtility.h; sourceTree = "<group>"; };
		48CBD14F1ACD42B200CF5DCE /* PAThemeUtility.m */ = {isa = PBXFileReference; fileEncoding = 4; lastKnownFileType = sourcecode.c.objc; path = PAThemeUtility.m; sourceTree = "<group>"; };
		52C6F70F1D53AFD00011B144 /* Fabric.framework */ = {isa = PBXFileReference; lastKnownFileType = wrapper.framework; path = Fabric.framework; sourceTree = SOURCE_ROOT; };
		52C6F7101D53AFD00011B144 /* Crashlytics.framework */ = {isa = PBXFileReference; lastKnownFileType = wrapper.framework; path = Crashlytics.framework; sourceTree = SOURCE_ROOT; };
		FE9EE7A0109A26BF37B54525 /* Panda-Bridging-Header.h */ = {isa = PBXFileReference; fileEncoding = 4; lastKnownFileType = sourcecode.c.h; path = "Panda-Bridging-Header.h"; sourceTree = "<group>"; };
		FE9EEAA943AF0BB28B13DD04 /* Images.xcassets */ = {isa = PBXFileReference; lastKnownFileType = folder.assetcatalog; path = Images.xcassets; sourceTree = "<group>"; };
		FE9EECB892DE36E0C7B77545 /* AppDelegate.swift */ = {isa = PBXFileReference; fileEncoding = 4; lastKnownFileType = sourcecode.swift; path = AppDelegate.swift; sourceTree = "<group>"; };
/* End PBXFileReference section */

/* Begin PBXFrameworksBuildPhase section */
		48C7CED719F98EE8006B8EC0 /* Frameworks */ = {
			isa = PBXFrameworksBuildPhase;
			buildActionMask = 2147483647;
			files = (
				481BDEAE1A7FD25A0099C0FB /* Sparkle.framework in Frameworks */,
				52C6F7121D53AFD00011B144 /* Crashlytics.framework in Frameworks */,
				52C6F7111D53AFD00011B144 /* Fabric.framework in Frameworks */,
			);
			runOnlyForDeploymentPostprocessing = 0;
		};
/* End PBXFrameworksBuildPhase section */

/* Begin PBXGroup section */
		48C7CED119F98EE8006B8EC0 = {
			isa = PBXGroup;
			children = (
				48C7CEDC19F98EE8006B8EC0 /* Panda */,
				48C7CEDB19F98EE8006B8EC0 /* Products */,
			);
			sourceTree = "<group>";
		};
		48C7CEDB19F98EE8006B8EC0 /* Products */ = {
			isa = PBXGroup;
			children = (
				48C7CEDA19F98EE8006B8EC0 /* Panda.app */,
			);
			name = Products;
			sourceTree = "<group>";
		};
		48C7CEDC19F98EE8006B8EC0 /* Panda */ = {
			isa = PBXGroup;
			children = (
				FE9EE20B66A1684CF371B660 /* Controller */,
				FE9EEC756DBFB72E0BE53D02 /* Library */,
				FE9EE8C26EB60D5A85DC256C /* External */,
				FE9EE29A318BC54C08754FB1 /* Application */,
				FE9EE74E8A44FE98A44D4E2B /* Resources */,
			);
			name = Panda;
			sourceTree = "<group>";
		};
		48CBD1401ACD426600CF5DCE /* About */ = {
			isa = PBXGroup;
			children = (
				48CBD1411ACD426600CF5DCE /* About.swift */,
				48CBD1421ACD426600CF5DCE /* About.xib */,
			);
			name = About;
			path = Panda/Controller/About;
			sourceTree = SOURCE_ROOT;
		};
		48CBD1431ACD426600CF5DCE /* Preferences */ = {
			isa = PBXGroup;
			children = (
				48CBD1441ACD426600CF5DCE /* NSPreferencePanelWindowController.swift */,
				48CBD1451ACD426600CF5DCE /* NSPreferencePanelWindowController.xib */,
			);
			name = Preferences;
			path = Panda/Controller/Preferences;
			sourceTree = SOURCE_ROOT;
		};
		48CBD14A1ACD42B200CF5DCE /* Login Item Utility */ = {
			isa = PBXGroup;
			children = (
				48CBD14B1ACD42B200CF5DCE /* PALoginItemUtility.h */,
				48CBD14C1ACD42B200CF5DCE /* PALoginItemUtility.m */,
			);
			name = "Login Item Utility";
			path = "Panda/Library/Login Item Utility";
			sourceTree = SOURCE_ROOT;
		};
		48CBD14D1ACD42B200CF5DCE /* Theme Utility */ = {
			isa = PBXGroup;
			children = (
				48CBD14E1ACD42B200CF5DCE /* PAThemeUtility.h */,
				48CBD14F1ACD42B200CF5DCE /* PAThemeUtility.m */,
			);
			name = "Theme Utility";
			path = "Panda/Library/Theme Utility";
			sourceTree = SOURCE_ROOT;
		};
		FE9EE20B66A1684CF371B660 /* Controller */ = {
			isa = PBXGroup;
			children = (
				48CBD1401ACD426600CF5DCE /* About */,
				48CBD1431ACD426600CF5DCE /* Preferences */,
			);
			name = Controller;
			path = ../Panda/Controller;
			sourceTree = "<group>";
		};
		FE9EE29A318BC54C08754FB1 /* Application */ = {
			isa = PBXGroup;
			children = (
				FE9EE96D5446A226EE68BF08 /* Supporting Files */,
				FE9EECB892DE36E0C7B77545 /* AppDelegate.swift */,
				481BDEA31A7FC9320099C0FB /* MainMenu.xib */,
				FE9EE7A0109A26BF37B54525 /* Panda-Bridging-Header.h */,
			);
			name = Application;
			path = Panda/Application;
			sourceTree = "<group>";
		};
		FE9EE370AD8EF9E826471D73 /* Sparkle */ = {
			isa = PBXGroup;
			children = (
				481BDE9B1A7FC8A50099C0FB /* Sparkle.framework */,
			);
			name = Sparkle;
			path = devMod;
			sourceTree = SOURCE_ROOT;
		};
		FE9EE74E8A44FE98A44D4E2B /* Resources */ = {
			isa = PBXGroup;
			children = (
				FE9EEAA943AF0BB28B13DD04 /* Images.xcassets */,
			);
			name = Resources;
			path = Panda/Resources;
			sourceTree = "<group>";
		};
		FE9EE8C26EB60D5A85DC256C /* External */ = {
			isa = PBXGroup;
			children = (
				52C6F70F1D53AFD00011B144 /* Fabric.framework */,
				52C6F7101D53AFD00011B144 /* Crashlytics.framework */,
				FE9EE370AD8EF9E826471D73 /* Sparkle */,
			);
			name = External;
			path = ../Panda/External;
			sourceTree = "<group>";
		};
		FE9EE96D5446A226EE68BF08 /* Supporting Files */ = {
			isa = PBXGroup;
			children = (
				481BDE9D1A7FC9170099C0FB /* Info.plist */,
			);
			name = "Supporting Files";
			path = devMod;
			sourceTree = SOURCE_ROOT;
		};
		FE9EEC756DBFB72E0BE53D02 /* Library */ = {
			isa = PBXGroup;
			children = (
				48CBD14A1ACD42B200CF5DCE /* Login Item Utility */,
				48CBD14D1ACD42B200CF5DCE /* Theme Utility */,
			);
			name = Library;
			path = ../Panda/Library;
			sourceTree = "<group>";
		};
/* End PBXGroup section */

/* Begin PBXNativeTarget section */
		48C7CED919F98EE8006B8EC0 /* Panda */ = {
			isa = PBXNativeTarget;
			buildConfigurationList = 48C7CEF419F98EE8006B8EC0 /* Build configuration list for PBXNativeTarget "Panda" */;
			buildPhases = (
				48C7CED619F98EE8006B8EC0 /* Sources */,
				48C7CED719F98EE8006B8EC0 /* Frameworks */,
				48C7CED819F98EE8006B8EC0 /* Resources */,
				481BDEB81A7FD5E70099C0FB /* Embed Frameworks */,
				52C6F70E1D53AE3F0011B144 /* Crashlytics */,
			);
			buildRules = (
			);
			dependencies = (
			);
			name = Panda;
			productName = devMod;
			productReference = 48C7CEDA19F98EE8006B8EC0 /* Panda.app */;
			productType = "com.apple.product-type.application";
		};
/* End PBXNativeTarget section */

/* Begin PBXProject section */
		48C7CED219F98EE8006B8EC0 /* Project object */ = {
			isa = PBXProject;
			attributes = {
				LastSwiftMigration = 0730;
				LastSwiftUpdateCheck = 0730;
				LastUpgradeCheck = 0730;
				ORGANIZATIONNAME = "Paolo Tagliani";
				TargetAttributes = {
					48C7CED919F98EE8006B8EC0 = {
						CreatedOnToolsVersion = 6.1;
					};
				};
			};
			buildConfigurationList = 48C7CED519F98EE8006B8EC0 /* Build configuration list for PBXProject "Panda" */;
			compatibilityVersion = "Xcode 3.2";
			developmentRegion = English;
			hasScannedForEncodings = 0;
			knownRegions = (
				en,
				Base,
			);
			mainGroup = 48C7CED119F98EE8006B8EC0;
			productRefGroup = 48C7CEDB19F98EE8006B8EC0 /* Products */;
			projectDirPath = "";
			projectRoot = "";
			targets = (
				48C7CED919F98EE8006B8EC0 /* Panda */,
			);
		};
/* End PBXProject section */

/* Begin PBXResourcesBuildPhase section */
		48C7CED819F98EE8006B8EC0 /* Resources */ = {
			isa = PBXResourcesBuildPhase;
			buildActionMask = 2147483647;
			files = (
				48CBD1471ACD426600CF5DCE /* About.xib in Resources */,
				481BDEA61A7FCA860099C0FB /* MainMenu.xib in Resources */,
				48CBD1491ACD426600CF5DCE /* NSPreferencePanelWindowController.xib in Resources */,
				FE9EEE42118665D56C6F3834 /* Images.xcassets in Resources */,
			);
			runOnlyForDeploymentPostprocessing = 0;
		};
/* End PBXResourcesBuildPhase section */

/* Begin PBXShellScriptBuildPhase section */
		52C6F70E1D53AE3F0011B144 /* Crashlytics */ = {
			isa = PBXShellScriptBuildPhase;
			buildActionMask = 2147483647;
			files = (
			);
			inputPaths = (
			);
			name = Crashlytics;
			outputPaths = (
			);
			runOnlyForDeploymentPostprocessing = 0;
			shellPath = /bin/sh;
			shellScript = "./Fabric.framework/run c28cb0ba9f18fa230fbecc06dd050d8b26fde1ee 0568c9cfc039c5219820be5f6d286fa1106a6190664087ff15a329e227c78f61";
		};
/* End PBXShellScriptBuildPhase section */

/* Begin PBXSourcesBuildPhase section */
		48C7CED619F98EE8006B8EC0 /* Sources */ = {
			isa = PBXSourcesBuildPhase;
			buildActionMask = 2147483647;
			files = (
				48CBD1501ACD42B200CF5DCE /* PALoginItemUtility.m in Sources */,
				48CBD1461ACD426600CF5DCE /* About.swift in Sources */,
				48CBD1481ACD426600CF5DCE /* NSPreferencePanelWindowController.swift in Sources */,
				48CBD1511ACD42B200CF5DCE /* PAThemeUtility.m in Sources */,
				FE9EE94160D7254530FC9E6F /* AppDelegate.swift in Sources */,
			);
			runOnlyForDeploymentPostprocessing = 0;
		};
/* End PBXSourcesBuildPhase section */

/* Begin PBXVariantGroup section */
		481BDEA31A7FC9320099C0FB /* MainMenu.xib */ = {
			isa = PBXVariantGroup;
			children = (
				481BDEA41A7FC9320099C0FB /* Base */,
			);
			name = MainMenu.xib;
			sourceTree = "<group>";
		};
/* End PBXVariantGroup section */

/* Begin XCBuildConfiguration section */
		48C7CEF219F98EE8006B8EC0 /* Debug */ = {
			isa = XCBuildConfiguration;
			buildSettings = {
				ALWAYS_SEARCH_USER_PATHS = NO;
				CLANG_CXX_LANGUAGE_STANDARD = "gnu++0x";
				CLANG_CXX_LIBRARY = "libc++";
				CLANG_ENABLE_MODULES = YES;
				CLANG_ENABLE_OBJC_ARC = YES;
				CLANG_WARN_BOOL_CONVERSION = YES;
				CLANG_WARN_CONSTANT_CONVERSION = YES;
				CLANG_WARN_DIRECT_OBJC_ISA_USAGE = YES_ERROR;
				CLANG_WARN_EMPTY_BODY = YES;
				CLANG_WARN_ENUM_CONVERSION = YES;
				CLANG_WARN_INT_CONVERSION = YES;
				CLANG_WARN_OBJC_ROOT_CLASS = YES_ERROR;
				CLANG_WARN_UNREACHABLE_CODE = YES;
				CLANG_WARN__DUPLICATE_METHOD_MATCH = YES;
				CODE_SIGN_IDENTITY = "-";
				COPY_PHASE_STRIP = NO;
				ENABLE_STRICT_OBJC_MSGSEND = YES;
				ENABLE_TESTABILITY = YES;
				GCC_C_LANGUAGE_STANDARD = gnu99;
				GCC_DYNAMIC_NO_PIC = NO;
				GCC_OPTIMIZATION_LEVEL = 0;
				GCC_PREPROCESSOR_DEFINITIONS = (
					"DEBUG=1",
					"$(inherited)",
				);
				GCC_SYMBOLS_PRIVATE_EXTERN = NO;
				GCC_WARN_64_TO_32_BIT_CONVERSION = YES;
				GCC_WARN_ABOUT_RETURN_TYPE = YES_ERROR;
				GCC_WARN_UNDECLARED_SELECTOR = YES;
				GCC_WARN_UNINITIALIZED_AUTOS = YES_AGGRESSIVE;
				GCC_WARN_UNUSED_FUNCTION = YES;
				GCC_WARN_UNUSED_VARIABLE = YES;
				MACOSX_DEPLOYMENT_TARGET = 10.10;
				MTL_ENABLE_DEBUG_INFO = YES;
				ONLY_ACTIVE_ARCH = YES;
				SDKROOT = macosx;
				SWIFT_OBJC_BRIDGING_HEADER = "Panda/Application/Panda-Bridging-Header.h";
				SWIFT_OPTIMIZATION_LEVEL = "-Onone";
			};
			name = Debug;
		};
		48C7CEF319F98EE8006B8EC0 /* Release */ = {
			isa = XCBuildConfiguration;
			buildSettings = {
				ALWAYS_SEARCH_USER_PATHS = NO;
				CLANG_CXX_LANGUAGE_STANDARD = "gnu++0x";
				CLANG_CXX_LIBRARY = "libc++";
				CLANG_ENABLE_MODULES = YES;
				CLANG_ENABLE_OBJC_ARC = YES;
				CLANG_WARN_BOOL_CONVERSION = YES;
				CLANG_WARN_CONSTANT_CONVERSION = YES;
				CLANG_WARN_DIRECT_OBJC_ISA_USAGE = YES_ERROR;
				CLANG_WARN_EMPTY_BODY = YES;
				CLANG_WARN_ENUM_CONVERSION = YES;
				CLANG_WARN_INT_CONVERSION = YES;
				CLANG_WARN_OBJC_ROOT_CLASS = YES_ERROR;
				CLANG_WARN_UNREACHABLE_CODE = YES;
				CLANG_WARN__DUPLICATE_METHOD_MATCH = YES;
				CODE_SIGN_IDENTITY = "-";
				COPY_PHASE_STRIP = YES;
				DEBUG_INFORMATION_FORMAT = "dwarf-with-dsym";
				ENABLE_NS_ASSERTIONS = NO;
				ENABLE_STRICT_OBJC_MSGSEND = YES;
				GCC_C_LANGUAGE_STANDARD = gnu99;
				GCC_WARN_64_TO_32_BIT_CONVERSION = YES;
				GCC_WARN_ABOUT_RETURN_TYPE = YES_ERROR;
				GCC_WARN_UNDECLARED_SELECTOR = YES;
				GCC_WARN_UNINITIALIZED_AUTOS = YES_AGGRESSIVE;
				GCC_WARN_UNUSED_FUNCTION = YES;
				GCC_WARN_UNUSED_VARIABLE = YES;
				MACOSX_DEPLOYMENT_TARGET = 10.10;
				MTL_ENABLE_DEBUG_INFO = NO;
				SDKROOT = macosx;
				SWIFT_OBJC_BRIDGING_HEADER = "Panda/Application/Panda-Bridging-Header.h";
			};
			name = Release;
		};
		48C7CEF519F98EE8006B8EC0 /* Debug */ = {
			isa = XCBuildConfiguration;
			buildSettings = {
				ASSETCATALOG_COMPILER_APPICON_NAME = AppIcon;
				CLANG_ENABLE_MODULES = YES;
				COMBINE_HIDPI_IMAGES = YES;
				DEBUG_INFORMATION_FORMAT = "dwarf-with-dsym";
				FRAMEWORK_SEARCH_PATHS = (
					"$(inherited)",
					"$(PROJECT_DIR)",
					"$(PROJECT_DIR)/Panda",
					"$(PROJECT_DIR)/Panda/Panda",
				);
				INFOPLIST_FILE = Panda/Application/Info.plist;
				LD_RUNPATH_SEARCH_PATHS = "$(inherited) @executable_path/../Frameworks";
				LIBRARY_SEARCH_PATHS = "$(inherited)";
				MACOSX_DEPLOYMENT_TARGET = 10.10;
				OTHER_LDFLAGS = "-Wl,-rpath,@loader_path/../Frameworks";
				PRODUCT_BUNDLE_IDENTIFIER = "com.pablosproject.$(PRODUCT_NAME:rfc1034identifier)";
				PRODUCT_NAME = Panda;
				SWIFT_OBJC_BRIDGING_HEADER = "Panda/Application/Panda-Bridging-Header.h";
				SWIFT_OPTIMIZATION_LEVEL = "-Onone";
			};
			name = Debug;
		};
		48C7CEF619F98EE8006B8EC0 /* Release */ = {
			isa = XCBuildConfiguration;
			buildSettings = {
				ASSETCATALOG_COMPILER_APPICON_NAME = AppIcon;
				CLANG_ENABLE_MODULES = YES;
				COMBINE_HIDPI_IMAGES = YES;
				FRAMEWORK_SEARCH_PATHS = (
					"$(inherited)",
					"$(PROJECT_DIR)",
					"$(PROJECT_DIR)/Panda",
					"$(PROJECT_DIR)/Panda/Panda",
				);
				INFOPLIST_FILE = Panda/Application/Info.plist;
				LD_RUNPATH_SEARCH_PATHS = "$(inherited) @executable_path/../Frameworks";
				LIBRARY_SEARCH_PATHS = "$(inherited)";
				MACOSX_DEPLOYMENT_TARGET = 10.10;
				OTHER_LDFLAGS = "-Wl,-rpath,@loader_path/../Frameworks";
				PRODUCT_BUNDLE_IDENTIFIER = "com.pablosproject.$(PRODUCT_NAME:rfc1034identifier)";
				PRODUCT_NAME = Panda;
				SWIFT_OBJC_BRIDGING_HEADER = "Panda/Application/Panda-Bridging-Header.h";
			};
			name = Release;
		};
/* End XCBuildConfiguration section */

/* Begin XCConfigurationList section */
		48C7CED519F98EE8006B8EC0 /* Build configuration list for PBXProject "Panda" */ = {
			isa = XCConfigurationList;
			buildConfigurations = (
				48C7CEF219F98EE8006B8EC0 /* Debug */,
				48C7CEF319F98EE8006B8EC0 /* Release */,
			);
			defaultConfigurationIsVisible = 0;
			defaultConfigurationName = Release;
		};
		48C7CEF419F98EE8006B8EC0 /* Build configuration list for PBXNativeTarget "Panda" */ = {
			isa = XCConfigurationList;
			buildConfigurations = (
				48C7CEF519F98EE8006B8EC0 /* Debug */,
				48C7CEF619F98EE8006B8EC0 /* Release */,
			);
			defaultConfigurationIsVisible = 0;
			defaultConfigurationName = Release;
		};
/* End XCConfigurationList section */
	};
	rootObject = 48C7CED219F98EE8006B8EC0 /* Project object */;
}
