// !$*UTF8*$!
{
	archiveVersion = 1;
	classes = {
	};
	objectVersion = 46;
	objects = {

/* Begin PBXBuildFile section */
		481AB65B1A20EC8700CC2CDA /* About.swift in Sources */ = {isa = PBXBuildFile; fileRef = 481AB6591A20EC8700CC2CDA /* About.swift */; };
		481AB65C1A20EC8700CC2CDA /* About.xib in Resources */ = {isa = PBXBuildFile; fileRef = 481AB65A1A20EC8700CC2CDA /* About.xib */; };
		484C3C6C1A117023002F09F8 /* MainMenu.xib in Resources */ = {isa = PBXBuildFile; fileRef = 48C7CEE319F98EE8006B8EC0 /* MainMenu.xib */; };
		48992C0D19FA387000C0E88B /* DevModeInterfaceManager.m in Sources */ = {isa = PBXBuildFile; fileRef = 48992C0C19FA387000C0E88B /* DevModeInterfaceManager.m */; };
		48C7CEE019F98EE8006B8EC0 /* AppDelegate.swift in Sources */ = {isa = PBXBuildFile; fileRef = 48C7CEDF19F98EE8006B8EC0 /* AppDelegate.swift */; };
		48C7CEE219F98EE8006B8EC0 /* Images.xcassets in Resources */ = {isa = PBXBuildFile; fileRef = 48C7CEE119F98EE8006B8EC0 /* Images.xcassets */; };
		48C7CEF119F98EE8006B8EC0 /* devModTests.swift in Sources */ = {isa = PBXBuildFile; fileRef = 48C7CEF019F98EE8006B8EC0 /* devModTests.swift */; };
		48D0718519FBEDD6000ADE2F /* NSPreferencePanelWindowController.swift in Sources */ = {isa = PBXBuildFile; fileRef = 48D0718319FBEDD6000ADE2F /* NSPreferencePanelWindowController.swift */; };
		48D0718619FBEDD6000ADE2F /* NSPreferencePanelWindowController.xib in Resources */ = {isa = PBXBuildFile; fileRef = 48D0718419FBEDD6000ADE2F /* NSPreferencePanelWindowController.xib */; };
		48D0718919FBEFE4000ADE2F /* DevModeLoginItemManager.m in Sources */ = {isa = PBXBuildFile; fileRef = 48D0718819FBEFE4000ADE2F /* DevModeLoginItemManager.m */; };
		48DC12ED1A122FD30095E932 /* Sparkle.framework in Frameworks */ = {isa = PBXBuildFile; fileRef = 48DC12EC1A122FD30095E932 /* Sparkle.framework */; };
		48DC12EF1A1230030095E932 /* Sparkle.framework in CopyFiles */ = {isa = PBXBuildFile; fileRef = 48DC12EC1A122FD30095E932 /* Sparkle.framework */; settings = {ATTRIBUTES = (CodeSignOnCopy, RemoveHeadersOnCopy, ); }; };
		48DC12F11A12318A0095E932 /* dsa_pub.pem in Resources */ = {isa = PBXBuildFile; fileRef = 48DC12F01A12318A0095E932 /* dsa_pub.pem */; };
/* End PBXBuildFile section */

/* Begin PBXContainerItemProxy section */
		48C7CEEB19F98EE8006B8EC0 /* PBXContainerItemProxy */ = {
			isa = PBXContainerItemProxy;
			containerPortal = 48C7CED219F98EE8006B8EC0 /* Project object */;
			proxyType = 1;
			remoteGlobalIDString = 48C7CED919F98EE8006B8EC0;
			remoteInfo = devMod;
		};
/* End PBXContainerItemProxy section */

/* Begin PBXCopyFilesBuildPhase section */
		48DC12EE1A122FEE0095E932 /* CopyFiles */ = {
			isa = PBXCopyFilesBuildPhase;
			buildActionMask = 2147483647;
			dstPath = "";
			dstSubfolderSpec = 10;
			files = (
				48DC12EF1A1230030095E932 /* Sparkle.framework in CopyFiles */,
			);
			runOnlyForDeploymentPostprocessing = 0;
		};
/* End PBXCopyFilesBuildPhase section */

/* Begin PBXFileReference section */
		481AB6591A20EC8700CC2CDA /* About.swift */ = {isa = PBXFileReference; fileEncoding = 4; lastKnownFileType = sourcecode.swift; path = About.swift; sourceTree = "<group>"; };
		481AB65A1A20EC8700CC2CDA /* About.xib */ = {isa = PBXFileReference; fileEncoding = 4; lastKnownFileType = file.xib; path = About.xib; sourceTree = "<group>"; };
		48992C0A19FA387000C0E88B /* devMod-Bridging-Header.h */ = {isa = PBXFileReference; lastKnownFileType = sourcecode.c.h; path = "devMod-Bridging-Header.h"; sourceTree = "<group>"; };
		48992C0B19FA387000C0E88B /* DevModeInterfaceManager.h */ = {isa = PBXFileReference; fileEncoding = 4; lastKnownFileType = sourcecode.c.h; path = DevModeInterfaceManager.h; sourceTree = "<group>"; };
		48992C0C19FA387000C0E88B /* DevModeInterfaceManager.m */ = {isa = PBXFileReference; fileEncoding = 4; lastKnownFileType = sourcecode.c.objc; path = DevModeInterfaceManager.m; sourceTree = "<group>"; };
		48C7CEDA19F98EE8006B8EC0 /* Panda.app */ = {isa = PBXFileReference; explicitFileType = wrapper.application; includeInIndex = 0; path = Panda.app; sourceTree = BUILT_PRODUCTS_DIR; };
		48C7CEDE19F98EE8006B8EC0 /* Info.plist */ = {isa = PBXFileReference; lastKnownFileType = text.plist.xml; path = Info.plist; sourceTree = "<group>"; };
		48C7CEDF19F98EE8006B8EC0 /* AppDelegate.swift */ = {isa = PBXFileReference; lastKnownFileType = sourcecode.swift; path = AppDelegate.swift; sourceTree = "<group>"; };
		48C7CEE119F98EE8006B8EC0 /* Images.xcassets */ = {isa = PBXFileReference; lastKnownFileType = folder.assetcatalog; path = Images.xcassets; sourceTree = "<group>"; };
		48C7CEE419F98EE8006B8EC0 /* Base */ = {isa = PBXFileReference; lastKnownFileType = file.xib; name = Base; path = Base.lproj/MainMenu.xib; sourceTree = "<group>"; };
		48C7CEEA19F98EE8006B8EC0 /* PandaTests.xctest */ = {isa = PBXFileReference; explicitFileType = wrapper.cfbundle; includeInIndex = 0; path = PandaTests.xctest; sourceTree = BUILT_PRODUCTS_DIR; };
		48C7CEEF19F98EE8006B8EC0 /* Info.plist */ = {isa = PBXFileReference; lastKnownFileType = text.plist.xml; path = Info.plist; sourceTree = "<group>"; };
		48C7CEF019F98EE8006B8EC0 /* devModTests.swift */ = {isa = PBXFileReference; lastKnownFileType = sourcecode.swift; path = devModTests.swift; sourceTree = "<group>"; };
		48D0718319FBEDD6000ADE2F /* NSPreferencePanelWindowController.swift */ = {isa = PBXFileReference; fileEncoding = 4; lastKnownFileType = sourcecode.swift; path = NSPreferencePanelWindowController.swift; sourceTree = "<group>"; };
		48D0718419FBEDD6000ADE2F /* NSPreferencePanelWindowController.xib */ = {isa = PBXFileReference; fileEncoding = 4; lastKnownFileType = file.xib; path = NSPreferencePanelWindowController.xib; sourceTree = "<group>"; };
		48D0718719FBEFE4000ADE2F /* DevModeLoginItemManager.h */ = {isa = PBXFileReference; fileEncoding = 4; lastKnownFileType = sourcecode.c.h; path = DevModeLoginItemManager.h; sourceTree = "<group>"; };
		48D0718819FBEFE4000ADE2F /* DevModeLoginItemManager.m */ = {isa = PBXFileReference; fileEncoding = 4; lastKnownFileType = sourcecode.c.objc; path = DevModeLoginItemManager.m; sourceTree = "<group>"; };
		48DC12EC1A122FD30095E932 /* Sparkle.framework */ = {isa = PBXFileReference; lastKnownFileType = wrapper.framework; path = Sparkle.framework; sourceTree = "<group>"; };
		48DC12F01A12318A0095E932 /* dsa_pub.pem */ = {isa = PBXFileReference; fileEncoding = 4; lastKnownFileType = text; path = dsa_pub.pem; sourceTree = "<group>"; };
/* End PBXFileReference section */

/* Begin PBXFrameworksBuildPhase section */
		48C7CED719F98EE8006B8EC0 /* Frameworks */ = {
			isa = PBXFrameworksBuildPhase;
			buildActionMask = 2147483647;
			files = (
				48DC12ED1A122FD30095E932 /* Sparkle.framework in Frameworks */,
			);
			runOnlyForDeploymentPostprocessing = 0;
		};
		48C7CEE719F98EE8006B8EC0 /* Frameworks */ = {
			isa = PBXFrameworksBuildPhase;
			buildActionMask = 2147483647;
			files = (
			);
			runOnlyForDeploymentPostprocessing = 0;
		};
/* End PBXFrameworksBuildPhase section */

/* Begin PBXGroup section */
		48C7CED119F98EE8006B8EC0 = {
			isa = PBXGroup;
			children = (
				48C7CEDC19F98EE8006B8EC0 /* devMod */,
				48C7CEED19F98EE8006B8EC0 /* devModTests */,
				48C7CEDB19F98EE8006B8EC0 /* Products */,
			);
			sourceTree = "<group>";
		};
		48C7CEDB19F98EE8006B8EC0 /* Products */ = {
			isa = PBXGroup;
			children = (
				48C7CEDA19F98EE8006B8EC0 /* Panda.app */,
				48C7CEEA19F98EE8006B8EC0 /* PandaTests.xctest */,
			);
			name = Products;
			sourceTree = "<group>";
		};
		48C7CEDC19F98EE8006B8EC0 /* devMod */ = {
			isa = PBXGroup;
			children = (
				48992C0A19FA387000C0E88B /* devMod-Bridging-Header.h */,
				48992C0B19FA387000C0E88B /* DevModeInterfaceManager.h */,
				48D0718719FBEFE4000ADE2F /* DevModeLoginItemManager.h */,
				48992C0C19FA387000C0E88B /* DevModeInterfaceManager.m */,
				48D0718819FBEFE4000ADE2F /* DevModeLoginItemManager.m */,
				481AB6591A20EC8700CC2CDA /* About.swift */,
				48C7CEDF19F98EE8006B8EC0 /* AppDelegate.swift */,
				48D0718319FBEDD6000ADE2F /* NSPreferencePanelWindowController.swift */,
				48C7CEE119F98EE8006B8EC0 /* Images.xcassets */,
				481AB65A1A20EC8700CC2CDA /* About.xib */,
				48D0718419FBEDD6000ADE2F /* NSPreferencePanelWindowController.xib */,
				48C7CEE319F98EE8006B8EC0 /* MainMenu.xib */,
				48DC12EB1A122FAC0095E932 /* Sparkle */,
				48C7CEDD19F98EE8006B8EC0 /* Supporting Files */,
			);
			path = devMod;
			sourceTree = "<group>";
		};
		48C7CEDD19F98EE8006B8EC0 /* Supporting Files */ = {
			isa = PBXGroup;
			children = (
				48C7CEDE19F98EE8006B8EC0 /* Info.plist */,
			);
			name = "Supporting Files";
			sourceTree = "<group>";
		};
		48C7CEED19F98EE8006B8EC0 /* devModTests */ = {
			isa = PBXGroup;
			children = (
				48C7CEF019F98EE8006B8EC0 /* devModTests.swift */,
				48C7CEEE19F98EE8006B8EC0 /* Supporting Files */,
			);
			path = devModTests;
			sourceTree = "<group>";
		};
		48C7CEEE19F98EE8006B8EC0 /* Supporting Files */ = {
			isa = PBXGroup;
			children = (
				48C7CEEF19F98EE8006B8EC0 /* Info.plist */,
			);
			name = "Supporting Files";
			sourceTree = "<group>";
		};
		48DC12EB1A122FAC0095E932 /* Sparkle */ = {
			isa = PBXGroup;
			children = (
				48DC12F01A12318A0095E932 /* dsa_pub.pem */,
				48DC12EC1A122FD30095E932 /* Sparkle.framework */,
			);
			name = Sparkle;
			sourceTree = "<group>";
		};
/* End PBXGroup section */

/* Begin PBXNativeTarget section */
		48C7CED919F98EE8006B8EC0 /* Panda */ = {
			isa = PBXNativeTarget;
			buildConfigurationList = 48C7CEF419F98EE8006B8EC0 /* Build configuration list for PBXNativeTarget "Panda" */;
			buildPhases = (
				48C7CED619F98EE8006B8EC0 /* Sources */,
				48C7CED719F98EE8006B8EC0 /* Frameworks */,
				48C7CED819F98EE8006B8EC0 /* Resources */,
				48DC12EE1A122FEE0095E932 /* CopyFiles */,
			);
			buildRules = (
			);
			dependencies = (
			);
			name = Panda;
			productName = devMod;
			productReference = 48C7CEDA19F98EE8006B8EC0 /* Panda.app */;
			productType = "com.apple.product-type.application";
		};
		48C7CEE919F98EE8006B8EC0 /* PandaTests */ = {
			isa = PBXNativeTarget;
			buildConfigurationList = 48C7CEF719F98EE8006B8EC0 /* Build configuration list for PBXNativeTarget "PandaTests" */;
			buildPhases = (
				48C7CEE619F98EE8006B8EC0 /* Sources */,
				48C7CEE719F98EE8006B8EC0 /* Frameworks */,
				48C7CEE819F98EE8006B8EC0 /* Resources */,
			);
			buildRules = (
			);
			dependencies = (
				48C7CEEC19F98EE8006B8EC0 /* PBXTargetDependency */,
			);
			name = PandaTests;
			productName = devModTests;
			productReference = 48C7CEEA19F98EE8006B8EC0 /* PandaTests.xctest */;
			productType = "com.apple.product-type.bundle.unit-test";
		};
/* End PBXNativeTarget section */

/* Begin PBXProject section */
		48C7CED219F98EE8006B8EC0 /* Project object */ = {
			isa = PBXProject;
			attributes = {
				LastUpgradeCheck = 0610;
				ORGANIZATIONNAME = "Paolo Tagliani";
				TargetAttributes = {
					48C7CED919F98EE8006B8EC0 = {
						CreatedOnToolsVersion = 6.1;
					};
					48C7CEE919F98EE8006B8EC0 = {
						CreatedOnToolsVersion = 6.1;
						TestTargetID = 48C7CED919F98EE8006B8EC0;
					};
				};
			};
			buildConfigurationList = 48C7CED519F98EE8006B8EC0 /* Build configuration list for PBXProject "Panda" */;
			compatibilityVersion = "Xcode 3.2";
			developmentRegion = English;
			hasScannedForEncodings = 0;
			knownRegions = (
				en,
				Base,
			);
			mainGroup = 48C7CED119F98EE8006B8EC0;
			productRefGroup = 48C7CEDB19F98EE8006B8EC0 /* Products */;
			projectDirPath = "";
			projectRoot = "";
			targets = (
				48C7CED919F98EE8006B8EC0 /* Panda */,
				48C7CEE919F98EE8006B8EC0 /* PandaTests */,
			);
		};
/* End PBXProject section */

/* Begin PBXResourcesBuildPhase section */
		48C7CED819F98EE8006B8EC0 /* Resources */ = {
			isa = PBXResourcesBuildPhase;
			buildActionMask = 2147483647;
			files = (
				484C3C6C1A117023002F09F8 /* MainMenu.xib in Resources */,
				48DC12F11A12318A0095E932 /* dsa_pub.pem in Resources */,
				48D0718619FBEDD6000ADE2F /* NSPreferencePanelWindowController.xib in Resources */,
				481AB65C1A20EC8700CC2CDA /* About.xib in Resources */,
				48C7CEE219F98EE8006B8EC0 /* Images.xcassets in Resources */,
			);
			runOnlyForDeploymentPostprocessing = 0;
		};
		48C7CEE819F98EE8006B8EC0 /* Resources */ = {
			isa = PBXResourcesBuildPhase;
			buildActionMask = 2147483647;
			files = (
			);
			runOnlyForDeploymentPostprocessing = 0;
		};
/* End PBXResourcesBuildPhase section */

/* Begin PBXSourcesBuildPhase section */
		48C7CED619F98EE8006B8EC0 /* Sources */ = {
			isa = PBXSourcesBuildPhase;
			buildActionMask = 2147483647;
			files = (
				481AB65B1A20EC8700CC2CDA /* About.swift in Sources */,
				48D0718519FBEDD6000ADE2F /* NSPreferencePanelWindowController.swift in Sources */,
				48992C0D19FA387000C0E88B /* DevModeInterfaceManager.m in Sources */,
				48C7CEE019F98EE8006B8EC0 /* AppDelegate.swift in Sources */,
				48D0718919FBEFE4000ADE2F /* DevModeLoginItemManager.m in Sources */,
			);
			runOnlyForDeploymentPostprocessing = 0;
		};
		48C7CEE619F98EE8006B8EC0 /* Sources */ = {
			isa = PBXSourcesBuildPhase;
			buildActionMask = 2147483647;
			files = (
				48C7CEF119F98EE8006B8EC0 /* devModTests.swift in Sources */,
			);
			runOnlyForDeploymentPostprocessing = 0;
		};
/* End PBXSourcesBuildPhase section */

/* Begin PBXTargetDependency section */
		48C7CEEC19F98EE8006B8EC0 /* PBXTargetDependency */ = {
			isa = PBXTargetDependency;
			target = 48C7CED919F98EE8006B8EC0 /* Panda */;
			targetProxy = 48C7CEEB19F98EE8006B8EC0 /* PBXContainerItemProxy */;
		};
/* End PBXTargetDependency section */

/* Begin PBXVariantGroup section */
		48C7CEE319F98EE8006B8EC0 /* MainMenu.xib */ = {
			isa = PBXVariantGroup;
			children = (
				48C7CEE419F98EE8006B8EC0 /* Base */,
			);
			name = MainMenu.xib;
			sourceTree = "<group>";
		};
/* End PBXVariantGroup section */

/* Begin XCBuildConfiguration section */
		48C7CEF219F98EE8006B8EC0 /* Debug */ = {
			isa = XCBuildConfiguration;
			buildSettings = {
				ALWAYS_SEARCH_USER_PATHS = NO;
				CLANG_CXX_LANGUAGE_STANDARD = "gnu++0x";
				CLANG_CXX_LIBRARY = "libc++";
				CLANG_ENABLE_MODULES = YES;
				CLANG_ENABLE_OBJC_ARC = YES;
				CLANG_WARN_BOOL_CONVERSION = YES;
				CLANG_WARN_CONSTANT_CONVERSION = YES;
				CLANG_WARN_DIRECT_OBJC_ISA_USAGE = YES_ERROR;
				CLANG_WARN_EMPTY_BODY = YES;
				CLANG_WARN_ENUM_CONVERSION = YES;
				CLANG_WARN_INT_CONVERSION = YES;
				CLANG_WARN_OBJC_ROOT_CLASS = YES_ERROR;
				CLANG_WARN_UNREACHABLE_CODE = YES;
				CLANG_WARN__DUPLICATE_METHOD_MATCH = YES;
				CODE_SIGN_IDENTITY = "-";
				COPY_PHASE_STRIP = NO;
				ENABLE_STRICT_OBJC_MSGSEND = YES;
				GCC_C_LANGUAGE_STANDARD = gnu99;
				GCC_DYNAMIC_NO_PIC = NO;
				GCC_OPTIMIZATION_LEVEL = 0;
				GCC_PREPROCESSOR_DEFINITIONS = (
					"DEBUG=1",
					"$(inherited)",
				);
				GCC_SYMBOLS_PRIVATE_EXTERN = NO;
				GCC_WARN_64_TO_32_BIT_CONVERSION = YES;
				GCC_WARN_ABOUT_RETURN_TYPE = YES_ERROR;
				GCC_WARN_UNDECLARED_SELECTOR = YES;
				GCC_WARN_UNINITIALIZED_AUTOS = YES_AGGRESSIVE;
				GCC_WARN_UNUSED_FUNCTION = YES;
				GCC_WARN_UNUSED_VARIABLE = YES;
				MACOSX_DEPLOYMENT_TARGET = 10.10;
				MTL_ENABLE_DEBUG_INFO = YES;
				ONLY_ACTIVE_ARCH = YES;
				SDKROOT = macosx;
				SWIFT_OPTIMIZATION_LEVEL = "-Onone";
			};
			name = Debug;
		};
		48C7CEF319F98EE8006B8EC0 /* Release */ = {
			isa = XCBuildConfiguration;
			buildSettings = {
				ALWAYS_SEARCH_USER_PATHS = NO;
				CLANG_CXX_LANGUAGE_STANDARD = "gnu++0x";
				CLANG_CXX_LIBRARY = "libc++";
				CLANG_ENABLE_MODULES = YES;
				CLANG_ENABLE_OBJC_ARC = YES;
				CLANG_WARN_BOOL_CONVERSION = YES;
				CLANG_WARN_CONSTANT_CONVERSION = YES;
				CLANG_WARN_DIRECT_OBJC_ISA_USAGE = YES_ERROR;
				CLANG_WARN_EMPTY_BODY = YES;
				CLANG_WARN_ENUM_CONVERSION = YES;
				CLANG_WARN_INT_CONVERSION = YES;
				CLANG_WARN_OBJC_ROOT_CLASS = YES_ERROR;
				CLANG_WARN_UNREACHABLE_CODE = YES;
				CLANG_WARN__DUPLICATE_METHOD_MATCH = YES;
				CODE_SIGN_IDENTITY = "-";
				COPY_PHASE_STRIP = YES;
				DEBUG_INFORMATION_FORMAT = "dwarf-with-dsym";
				ENABLE_NS_ASSERTIONS = NO;
				ENABLE_STRICT_OBJC_MSGSEND = YES;
				GCC_C_LANGUAGE_STANDARD = gnu99;
				GCC_WARN_64_TO_32_BIT_CONVERSION = YES;
				GCC_WARN_ABOUT_RETURN_TYPE = YES_ERROR;
				GCC_WARN_UNDECLARED_SELECTOR = YES;
				GCC_WARN_UNINITIALIZED_AUTOS = YES_AGGRESSIVE;
				GCC_WARN_UNUSED_FUNCTION = YES;
				GCC_WARN_UNUSED_VARIABLE = YES;
				MACOSX_DEPLOYMENT_TARGET = 10.10;
				MTL_ENABLE_DEBUG_INFO = NO;
				SDKROOT = macosx;
			};
			name = Release;
		};
		48C7CEF519F98EE8006B8EC0 /* Debug */ = {
			isa = XCBuildConfiguration;
			buildSettings = {
				ASSETCATALOG_COMPILER_APPICON_NAME = AppIcon;
				CLANG_ENABLE_MODULES = YES;
				COMBINE_HIDPI_IMAGES = YES;
				DEBUG_INFORMATION_FORMAT = "dwarf-with-dsym";
				FRAMEWORK_SEARCH_PATHS = (
					"$(inherited)",
					"$(PROJECT_DIR)",
					/Users/paolotagliani/.Trash,
					"$(PROJECT_DIR)/devMod",
				);
				INFOPLIST_FILE = devMod/Info.plist;
				LD_RUNPATH_SEARCH_PATHS = "$(inherited) @executable_path/../Frameworks";
				LIBRARY_SEARCH_PATHS = "$(inherited)";
				MACOSX_DEPLOYMENT_TARGET = 10.10;
				OTHER_LDFLAGS = "-Wl,-rpath,@loader_path/../Frameworks";
				PRODUCT_NAME = Panda;
				SWIFT_OBJC_BRIDGING_HEADER = "devMod/devMod-Bridging-Header.h";
				SWIFT_OPTIMIZATION_LEVEL = "-Onone";
			};
			name = Debug;
		};
		48C7CEF619F98EE8006B8EC0 /* Release */ = {
			isa = XCBuildConfiguration;
			buildSettings = {
				ASSETCATALOG_COMPILER_APPICON_NAME = AppIcon;
				CLANG_ENABLE_MODULES = YES;
				COMBINE_HIDPI_IMAGES = YES;
				FRAMEWORK_SEARCH_PATHS = (
					"$(inherited)",
					"$(PROJECT_DIR)",
					/Users/paolotagliani/.Trash,
					"$(PROJECT_DIR)/devMod",
				);
				INFOPLIST_FILE = devMod/Info.plist;
				LD_RUNPATH_SEARCH_PATHS = "$(inherited) @executable_path/../Frameworks";
				LIBRARY_SEARCH_PATHS = "$(inherited)";
				MACOSX_DEPLOYMENT_TARGET = 10.10;
				OTHER_LDFLAGS = "-Wl,-rpath,@loader_path/../Frameworks";
				PRODUCT_NAME = Panda;
				SWIFT_OBJC_BRIDGING_HEADER = "devMod/devMod-Bridging-Header.h";
			};
			name = Release;
		};
		48C7CEF819F98EE8006B8EC0 /* Debug */ = {
			isa = XCBuildConfiguration;
			buildSettings = {
				BUNDLE_LOADER = "$(TEST_HOST)";
				COMBINE_HIDPI_IMAGES = YES;
				FRAMEWORK_SEARCH_PATHS = (
					"$(DEVELOPER_FRAMEWORKS_DIR)",
					"$(inherited)",
				);
				GCC_PREPROCESSOR_DEFINITIONS = (
					"DEBUG=1",
					"$(inherited)",
				);
				INFOPLIST_FILE = devModTests/Info.plist;
				LD_RUNPATH_SEARCH_PATHS = "$(inherited) @executable_path/../Frameworks @loader_path/../Frameworks";
				PRODUCT_NAME = PandaTests;
				TEST_HOST = "$(BUILT_PRODUCTS_DIR)/Panda.app/Contents/MacOS/Panda";
			};
			name = Debug;
		};
		48C7CEF919F98EE8006B8EC0 /* Release */ = {
			isa = XCBuildConfiguration;
			buildSettings = {
				BUNDLE_LOADER = "$(TEST_HOST)";
				COMBINE_HIDPI_IMAGES = YES;
				FRAMEWORK_SEARCH_PATHS = (
					"$(DEVELOPER_FRAMEWORKS_DIR)",
					"$(inherited)",
				);
				INFOPLIST_FILE = devModTests/Info.plist;
				LD_RUNPATH_SEARCH_PATHS = "$(inherited) @executable_path/../Frameworks @loader_path/../Frameworks";
				PRODUCT_NAME = PandaTests;
				TEST_HOST = "$(BUILT_PRODUCTS_DIR)/Panda.app/Contents/MacOS/Panda";
			};
			name = Release;
		};
/* End XCBuildConfiguration section */

/* Begin XCConfigurationList section */
		48C7CED519F98EE8006B8EC0 /* Build configuration list for PBXProject "Panda" */ = {
			isa = XCConfigurationList;
			buildConfigurations = (
				48C7CEF219F98EE8006B8EC0 /* Debug */,
				48C7CEF319F98EE8006B8EC0 /* Release */,
			);
			defaultConfigurationIsVisible = 0;
			defaultConfigurationName = Release;
		};
		48C7CEF419F98EE8006B8EC0 /* Build configuration list for PBXNativeTarget "Panda" */ = {
			isa = XCConfigurationList;
			buildConfigurations = (
				48C7CEF519F98EE8006B8EC0 /* Debug */,
				48C7CEF619F98EE8006B8EC0 /* Release */,
			);
			defaultConfigurationIsVisible = 0;
			defaultConfigurationName = Release;
		};
		48C7CEF719F98EE8006B8EC0 /* Build configuration list for PBXNativeTarget "PandaTests" */ = {
			isa = XCConfigurationList;
			buildConfigurations = (
				48C7CEF819F98EE8006B8EC0 /* Debug */,
				48C7CEF919F98EE8006B8EC0 /* Release */,
			);
			defaultConfigurationIsVisible = 0;
			defaultConfigurationName = Release;
		};
/* End XCConfigurationList section */
	};
	rootObject = 48C7CED219F98EE8006B8EC0 /* Project object */;
}
